
Microsoft Visual Studio Solution File, Format Version 12.00
# Visual Studio Version 16
VisualStudioVersion = 16.0.30717.126
MinimumVisualStudioVersion = 10.0.40219.1
Project("{FAE04EC0-301F-11D3-BF4B-00C04F79EFBC}") = "TweetStore", "FunctionApp\TweetStore.csproj", "{89E6676C-F0BB-4A43-8972-F99FF82FF391}"
EndProject
Global
	GlobalSection(SolutionConfigurationPlatforms) = preSolution
		Debug|Any CPU = Debug|Any CPU
		Release|Any CPU = Release|Any CPU
	EndGlobalSection
	GlobalSection(ProjectConfigurationPlatforms) = postSolution
		{89E6676C-F0BB-4A43-8972-F99FF82FF391}.Debug|Any CPU.ActiveCfg = Debug|Any CPU
		{89E6676C-F0BB-4A43-8972-F99FF82FF391}.Debug|Any CPU.Build.0 = Debug|Any CPU
		{89E6676C-F0BB-4A43-8972-F99FF82FF391}.Release|Any CPU.ActiveCfg = Release|Any CPU
		{89E6676C-F0BB-4A43-8972-F99FF82FF391}.Release|Any CPU.Build.0 = Release|Any CPU
	EndGlobalSection
	GlobalSection(SolutionProperties) = preSolution
		HideSolutionNode = FALSE
	EndGlobalSection
	GlobalSection(ExtensibilityGlobals) = postSolution
		SolutionGuid = {C465C173-B1C2-451E-AA5F-8E6E135599E6}
	EndGlobalSection
EndGlobal
